github.com/acrlakshman/profileio-resume v0.3.0 h1:RchaSLOe4MZme3EMscdq20jbznNOFMSlfcQufi/XrQg=
github.com/acrlakshman/profileio-resume v0.3.0/go.mod h1:2PnQNiC0axJUvnX4ZGI77Xb0TiiMlJLNRTakeYocL98=
github.com/buger/jsonparser v1.1.1 h1:2PnMjfWD7wBILjqQbt530v576A/cAbQvEW9gGIpYMUs=
github.com/buger/jsonparser v1.1.1/go.mod h1:6RYKKt7H4d4+iWqouImQ9R2FZql3VbhNgx27UK13J/0=
