github.com/acrlakshman/profileio-resume v0.1.0 h1:Wx6GP1+nDCqEscV2Wex1XShaJ2DT/LYqIYX3hwrort4=
github.com/acrlakshman/profileio-resume v0.1.0/go.mod h1:rzlMVKhvaeX646Ls+0A9raPkTiGnKzHIbyfgMJ2LokE=
github.com/buger/jsonparser v1.0.0 h1:etJTGF5ESxjI0Ic2UaLQs2LQQpa8G9ykQScukbh4L8A=
github.com/buger/jsonparser v1.0.0/go.mod h1:tgcrVJ81GPSF0mz+0nu1Xaz0fazGPrmmJfJtxjbHhUQ=
